
Microsoft Visual Studio Solution File, Format Version 12.00
# Visual Studio 14
VisualStudioVersion = 14.0.25123.0
MinimumVisualStudioVersion = 10.0.40219.1
Project("{FAE04EC0-301F-11D3-BF4B-00C04F79EFBC}") = "TreeLibrary", "TreeLibrary\TreeLibrary.csproj", "{F01117A5-FCD3-4BA2-B906-8058B7F14B00}"
EndProject
Project("{FAE04EC0-301F-11D3-BF4B-00C04F79EFBC}") = "TreeLibraryTests", "TreeLibraryTests\TreeLibraryTests.csproj", "{258ADC4D-9E07-4AD8-8E26-483F858923F3}"
EndProject
Project("{8BC9CEB8-8B4A-11D0-8D11-00A0C91BC942}") = "CTreeConsole", "CTreeConsole\CTreeConsole.vcxproj", "{9B064223-09CB-4571-BC8F-7C38CDEF658F}"
EndProject
Global
	GlobalSection(SolutionConfigurationPlatforms) = preSolution
		Debug|Any CPU = Debug|Any CPU
		Debug|x64 = Debug|x64
		Debug|x86 = Debug|x86
		Release|Any CPU = Release|Any CPU
		Release|x64 = Release|x64
		Release|x86 = Release|x86
	EndGlobalSection
	GlobalSection(ProjectConfigurationPlatforms) = postSolution
		{F01117A5-FCD3-4BA2-B906-8058B7F14B00}.Debug|Any CPU.ActiveCfg = Debug|Any CPU
		{F01117A5-FCD3-4BA2-B906-8058B7F14B00}.Debug|Any CPU.Build.0 = Debug|Any CPU
		{F01117A5-FCD3-4BA2-B906-8058B7F14B00}.Debug|x64.ActiveCfg = Debug|Any CPU
		{F01117A5-FCD3-4BA2-B906-8058B7F14B00}.Debug|x64.Build.0 = Debug|Any CPU
		{F01117A5-FCD3-4BA2-B906-8058B7F14B00}.Debug|x86.ActiveCfg = Debug|Any CPU
		{F01117A5-FCD3-4BA2-B906-8058B7F14B00}.Debug|x86.Build.0 = Debug|Any CPU
		{F01117A5-FCD3-4BA2-B906-8058B7F14B00}.Release|Any CPU.ActiveCfg = Release|Any CPU
		{F01117A5-FCD3-4BA2-B906-8058B7F14B00}.Release|Any CPU.Build.0 = Release|Any CPU
		{F01117A5-FCD3-4BA2-B906-8058B7F14B00}.Release|x64.ActiveCfg = Release|Any CPU
		{F01117A5-FCD3-4BA2-B906-8058B7F14B00}.Release|x64.Build.0 = Release|Any CPU
		{F01117A5-FCD3-4BA2-B906-8058B7F14B00}.Release|x86.ActiveCfg = Release|Any CPU
		{F01117A5-FCD3-4BA2-B906-8058B7F14B00}.Release|x86.Build.0 = Release|Any CPU
		{258ADC4D-9E07-4AD8-8E26-483F858923F3}.Debug|Any CPU.ActiveCfg = Debug|Any CPU
		{258ADC4D-9E07-4AD8-8E26-483F858923F3}.Debug|Any CPU.Build.0 = Debug|Any CPU
		{258ADC4D-9E07-4AD8-8E26-483F858923F3}.Debug|x64.ActiveCfg = Debug|Any CPU
		{258ADC4D-9E07-4AD8-8E26-483F858923F3}.Debug|x64.Build.0 = Debug|Any CPU
		{258ADC4D-9E07-4AD8-8E26-483F858923F3}.Debug|x86.ActiveCfg = Debug|Any CPU
		{258ADC4D-9E07-4AD8-8E26-483F858923F3}.Debug|x86.Build.0 = Debug|Any CPU
		{258ADC4D-9E07-4AD8-8E26-483F858923F3}.Release|Any CPU.ActiveCfg = Release|Any CPU
		{258ADC4D-9E07-4AD8-8E26-483F858923F3}.Release|Any CPU.Build.0 = Release|Any CPU
		{258ADC4D-9E07-4AD8-8E26-483F858923F3}.Release|x64.ActiveCfg = Release|Any CPU
		{258ADC4D-9E07-4AD8-8E26-483F858923F3}.Release|x64.Build.0 = Release|Any CPU
		{258ADC4D-9E07-4AD8-8E26-483F858923F3}.Release|x86.ActiveCfg = Release|Any CPU
		{258ADC4D-9E07-4AD8-8E26-483F858923F3}.Release|x86.Build.0 = Release|Any CPU
		{9B064223-09CB-4571-BC8F-7C38CDEF658F}.Debug|Any CPU.ActiveCfg = Debug|Win32
		{9B064223-09CB-4571-BC8F-7C38CDEF658F}.Debug|x64.ActiveCfg = Debug|x64
		{9B064223-09CB-4571-BC8F-7C38CDEF658F}.Debug|x64.Build.0 = Debug|x64
		{9B064223-09CB-4571-BC8F-7C38CDEF658F}.Debug|x86.ActiveCfg = Debug|Win32
		{9B064223-09CB-4571-BC8F-7C38CDEF658F}.Debug|x86.Build.0 = Debug|Win32
		{9B064223-09CB-4571-BC8F-7C38CDEF658F}.Release|Any CPU.ActiveCfg = Release|Win32
		{9B064223-09CB-4571-BC8F-7C38CDEF658F}.Release|x64.ActiveCfg = Release|x64
		{9B064223-09CB-4571-BC8F-7C38CDEF658F}.Release|x64.Build.0 = Release|x64
		{9B064223-09CB-4571-BC8F-7C38CDEF658F}.Release|x86.ActiveCfg = Release|Win32
		{9B064223-09CB-4571-BC8F-7C38CDEF658F}.Release|x86.Build.0 = Release|Win32
	EndGlobalSection
	GlobalSection(SolutionProperties) = preSolution
		HideSolutionNode = FALSE
	EndGlobalSection
EndGlobal
